// !$*UTF8*$!
{
	archiveVersion = 1;
	classes = {
	};
	objectVersion = 56;
	objects = {

/* Begin PBXBuildFile section */
		BFAB90D42CF21A6D005B4FB7 /* AppDelegate.swift in Sources */ = {isa = PBXBuildFile; fileRef = BFAB90D32CF21A6D005B4FB7 /* AppDelegate.swift */; };
		BFAB90D62CF21A6D005B4FB7 /* SceneDelegate.swift in Sources */ = {isa = PBXBuildFile; fileRef = BFAB90D52CF21A6D005B4FB7 /* SceneDelegate.swift */; };
		BFAB90DB2CF21A6D005B4FB7 /* Main.storyboard in Resources */ = {isa = PBXBuildFile; fileRef = BFAB90D92CF21A6D005B4FB7 /* Main.storyboard */; };
		BFAB90DD2CF21A6E005B4FB7 /* Assets.xcassets in Resources */ = {isa = PBXBuildFile; fileRef = BFAB90DC2CF21A6E005B4FB7 /* Assets.xcassets */; };
		BFAB90E02CF21A6E005B4FB7 /* LaunchScreen.storyboard in Resources */ = {isa = PBXBuildFile; fileRef = BFAB90DE2CF21A6E005B4FB7 /* LaunchScreen.storyboard */; };
		BFAB90EA2CF25671005B4FB7 /* Utils.swift in Sources */ = {isa = PBXBuildFile; fileRef = BFAB90E92CF25671005B4FB7 /* Utils.swift */; };
		BFAB90EC2CF256A9005B4FB7 /* SplashViewController.swift in Sources */ = {isa = PBXBuildFile; fileRef = BFAB90EB2CF256A9005B4FB7 /* SplashViewController.swift */; };
		BFAB90EE2CF25C56005B4FB7 /* UIView + Extension.swift in Sources */ = {isa = PBXBuildFile; fileRef = BFAB90ED2CF25C56005B4FB7 /* UIView + Extension.swift */; };
		BFAB90F12CF25D00005B4FB7 /* LoginViewController.swift in Sources */ = {isa = PBXBuildFile; fileRef = BFAB90F02CF25D00005B4FB7 /* LoginViewController.swift */; };
		BFAB90F32CF25D20005B4FB7 /* TextField.swift in Sources */ = {isa = PBXBuildFile; fileRef = BFAB90F22CF25D20005B4FB7 /* TextField.swift */; };
		BFAB90F52CF25DE5005B4FB7 /* ViewController.swift in Sources */ = {isa = PBXBuildFile; fileRef = BFAB90F42CF25DE5005B4FB7 /* ViewController.swift */; };
		BFAB90F82CF25E45005B4FB7 /* AlertView.swift in Sources */ = {isa = PBXBuildFile; fileRef = BFAB90F72CF25E45005B4FB7 /* AlertView.swift */; };
		BFAB90FB2CF25F03005B4FB7 /* User.swift in Sources */ = {isa = PBXBuildFile; fileRef = BFAB90FA2CF25F03005B4FB7 /* User.swift */; };
		BFAB90FE2CF264A6005B4FB7 /* RegistroViewController.swift in Sources */ = {isa = PBXBuildFile; fileRef = BFAB90FD2CF264A6005B4FB7 /* RegistroViewController.swift */; };
		BFAB91002CF28635005B4FB7 /* UIButton + Extension.swift in Sources */ = {isa = PBXBuildFile; fileRef = BFAB90FF2CF28635005B4FB7 /* UIButton + Extension.swift */; };
		BFAB91032CF29E88005B4FB7 /* HomeTabBarController.swift in Sources */ = {isa = PBXBuildFile; fileRef = BFAB91022CF29E88005B4FB7 /* HomeTabBarController.swift */; };
		BFAB91062CF29F68005B4FB7 /* InicioViewController.swift in Sources */ = {isa = PBXBuildFile; fileRef = BFAB91052CF29F68005B4FB7 /* InicioViewController.swift */; };
		BFAB91092CF29F79005B4FB7 /* PerfilViewController.swift in Sources */ = {isa = PBXBuildFile; fileRef = BFAB91082CF29F79005B4FB7 /* PerfilViewController.swift */; };
		BFAB910C2CF29F99005B4FB7 /* NotificacionesViewController.swift in Sources */ = {isa = PBXBuildFile; fileRef = BFAB910B2CF29F99005B4FB7 /* NotificacionesViewController.swift */; };
		BFAB910F2CF3C2E0005B4FB7 /* PostTableViewCell.swift in Sources */ = {isa = PBXBuildFile; fileRef = BFAB910E2CF3C2E0005B4FB7 /* PostTableViewCell.swift */; };
		BFAB91112CF3C7BA005B4FB7 /* ProfileInfoView.swift in Sources */ = {isa = PBXBuildFile; fileRef = BFAB91102CF3C7BA005B4FB7 /* ProfileInfoView.swift */; };
		BFAB91132CF3D1FD005B4FB7 /* Post.swift in Sources */ = {isa = PBXBuildFile; fileRef = BFAB91122CF3D1FD005B4FB7 /* Post.swift */; };
		BFAB91162CF3E6F6005B4FB7 /* SesionManager.swift in Sources */ = {isa = PBXBuildFile; fileRef = BFAB91152CF3E6F6005B4FB7 /* SesionManager.swift */; };
		D007D13C6C94DC7F883767B6 /* Pods_UniversidAPP.framework in Frameworks */ = {isa = PBXBuildFile; fileRef = 67A691E049D56EBDFE2CA007 /* Pods_UniversidAPP.framework */; };
/* End PBXBuildFile section */

/* Begin PBXFileReference section */
		17F675DA542CA3F6826338CB /* Pods-UniversidAPP.release.xcconfig */ = {isa = PBXFileReference; includeInIndex = 1; lastKnownFileType = text.xcconfig; name = "Pods-UniversidAPP.release.xcconfig"; path = "Target Support Files/Pods-UniversidAPP/Pods-UniversidAPP.release.xcconfig"; sourceTree = "<group>"; };
		67A691E049D56EBDFE2CA007 /* Pods_UniversidAPP.framework */ = {isa = PBXFileReference; explicitFileType = wrapper.framework; includeInIndex = 0; path = Pods_UniversidAPP.framework; sourceTree = BUILT_PRODUCTS_DIR; };
		BFAB90D02CF21A6D005B4FB7 /* UniversidAPP.app */ = {isa = PBXFileReference; explicitFileType = wrapper.application; includeInIndex = 0; path = UniversidAPP.app; sourceTree = BUILT_PRODUCTS_DIR; };
		BFAB90D32CF21A6D005B4FB7 /* AppDelegate.swift */ = {isa = PBXFileReference; lastKnownFileType = sourcecode.swift; path = AppDelegate.swift; sourceTree = "<group>"; };
		BFAB90D52CF21A6D005B4FB7 /* SceneDelegate.swift */ = {isa = PBXFileReference; lastKnownFileType = sourcecode.swift; path = SceneDelegate.swift; sourceTree = "<group>"; };
		BFAB90DA2CF21A6D005B4FB7 /* Base */ = {isa = PBXFileReference; lastKnownFileType = file.storyboard; name = Base; path = Base.lproj/Main.storyboard; sourceTree = "<group>"; };
		BFAB90DC2CF21A6E005B4FB7 /* Assets.xcassets */ = {isa = PBXFileReference; lastKnownFileType = folder.assetcatalog; path = Assets.xcassets; sourceTree = "<group>"; };
		BFAB90DF2CF21A6E005B4FB7 /* Base */ = {isa = PBXFileReference; lastKnownFileType = file.storyboard; name = Base; path = Base.lproj/LaunchScreen.storyboard; sourceTree = "<group>"; };
		BFAB90E12CF21A6E005B4FB7 /* Info.plist */ = {isa = PBXFileReference; lastKnownFileType = text.plist.xml; path = Info.plist; sourceTree = "<group>"; };
		BFAB90E92CF25671005B4FB7 /* Utils.swift */ = {isa = PBXFileReference; lastKnownFileType = sourcecode.swift; path = Utils.swift; sourceTree = "<group>"; };
		BFAB90EB2CF256A9005B4FB7 /* SplashViewController.swift */ = {isa = PBXFileReference; lastKnownFileType = sourcecode.swift; path = SplashViewController.swift; sourceTree = "<group>"; };
		BFAB90ED2CF25C56005B4FB7 /* UIView + Extension.swift */ = {isa = PBXFileReference; lastKnownFileType = sourcecode.swift; path = "UIView + Extension.swift"; sourceTree = "<group>"; };
		BFAB90F02CF25D00005B4FB7 /* LoginViewController.swift */ = {isa = PBXFileReference; lastKnownFileType = sourcecode.swift; path = LoginViewController.swift; sourceTree = "<group>"; };
		BFAB90F22CF25D20005B4FB7 /* TextField.swift */ = {isa = PBXFileReference; lastKnownFileType = sourcecode.swift; path = TextField.swift; sourceTree = "<group>"; };
		BFAB90F42CF25DE5005B4FB7 /* ViewController.swift */ = {isa = PBXFileReference; lastKnownFileType = sourcecode.swift; path = ViewController.swift; sourceTree = "<group>"; };
		BFAB90F72CF25E45005B4FB7 /* AlertView.swift */ = {isa = PBXFileReference; lastKnownFileType = sourcecode.swift; path = AlertView.swift; sourceTree = "<group>"; };
		BFAB90FA2CF25F03005B4FB7 /* User.swift */ = {isa = PBXFileReference; lastKnownFileType = sourcecode.swift; path = User.swift; sourceTree = "<group>"; };
		BFAB90FD2CF264A6005B4FB7 /* RegistroViewController.swift */ = {isa = PBXFileReference; lastKnownFileType = sourcecode.swift; path = RegistroViewController.swift; sourceTree = "<group>"; };
		BFAB90FF2CF28635005B4FB7 /* UIButton + Extension.swift */ = {isa = PBXFileReference; lastKnownFileType = sourcecode.swift; path = "UIButton + Extension.swift"; sourceTree = "<group>"; };
		BFAB91022CF29E88005B4FB7 /* HomeTabBarController.swift */ = {isa = PBXFileReference; lastKnownFileType = sourcecode.swift; path = HomeTabBarController.swift; sourceTree = "<group>"; };
		BFAB91052CF29F68005B4FB7 /* InicioViewController.swift */ = {isa = PBXFileReference; lastKnownFileType = sourcecode.swift; path = InicioViewController.swift; sourceTree = "<group>"; };
		BFAB91082CF29F79005B4FB7 /* PerfilViewController.swift */ = {isa = PBXFileReference; lastKnownFileType = sourcecode.swift; path = PerfilViewController.swift; sourceTree = "<group>"; };
		BFAB910B2CF29F99005B4FB7 /* NotificacionesViewController.swift */ = {isa = PBXFileReference; lastKnownFileType = sourcecode.swift; path = NotificacionesViewController.swift; sourceTree = "<group>"; };
		BFAB910E2CF3C2E0005B4FB7 /* PostTableViewCell.swift */ = {isa = PBXFileReference; lastKnownFileType = sourcecode.swift; path = PostTableViewCell.swift; sourceTree = "<group>"; };
		BFAB91102CF3C7BA005B4FB7 /* ProfileInfoView.swift */ = {isa = PBXFileReference; lastKnownFileType = sourcecode.swift; path = ProfileInfoView.swift; sourceTree = "<group>"; };
		BFAB91122CF3D1FD005B4FB7 /* Post.swift */ = {isa = PBXFileReference; lastKnownFileType = sourcecode.swift; path = Post.swift; sourceTree = "<group>"; };
		BFAB91152CF3E6F6005B4FB7 /* SesionManager.swift */ = {isa = PBXFileReference; lastKnownFileType = sourcecode.swift; path = SesionManager.swift; sourceTree = "<group>"; };
		EA0050BFBC2357E2C1966702 /* Pods-UniversidAPP.debug.xcconfig */ = {isa = PBXFileReference; includeInIndex = 1; lastKnownFileType = text.xcconfig; name = "Pods-UniversidAPP.debug.xcconfig"; path = "Target Support Files/Pods-UniversidAPP/Pods-UniversidAPP.debug.xcconfig"; sourceTree = "<group>"; };
/* End PBXFileReference section */

/* Begin PBXFrameworksBuildPhase section */
		BFAB90CD2CF21A6D005B4FB7 /* Frameworks */ = {
			isa = PBXFrameworksBuildPhase;
			buildActionMask = 2147483647;
			files = (
				D007D13C6C94DC7F883767B6 /* Pods_UniversidAPP.framework in Frameworks */,
			);
			runOnlyForDeploymentPostprocessing = 0;
		};
/* End PBXFrameworksBuildPhase section */

/* Begin PBXGroup section */
		1B2025EA3DB4762D5DF0D2FA /* Frameworks */ = {
			isa = PBXGroup;
			children = (
				67A691E049D56EBDFE2CA007 /* Pods_UniversidAPP.framework */,
			);
			name = Frameworks;
			sourceTree = "<group>";
		};
		5D64A07DB804FAA0B20AB974 /* Pods */ = {
			isa = PBXGroup;
			children = (
				EA0050BFBC2357E2C1966702 /* Pods-UniversidAPP.debug.xcconfig */,
				17F675DA542CA3F6826338CB /* Pods-UniversidAPP.release.xcconfig */,
			);
			path = Pods;
			sourceTree = "<group>";
		};
		BFAB90C72CF21A6D005B4FB7 = {
			isa = PBXGroup;
			children = (
				BFAB90D22CF21A6D005B4FB7 /* UniversidAPP */,
				BFAB90D12CF21A6D005B4FB7 /* Products */,
				5D64A07DB804FAA0B20AB974 /* Pods */,
				1B2025EA3DB4762D5DF0D2FA /* Frameworks */,
			);
			sourceTree = "<group>";
		};
		BFAB90D12CF21A6D005B4FB7 /* Products */ = {
			isa = PBXGroup;
			children = (
				BFAB90D02CF21A6D005B4FB7 /* UniversidAPP.app */,
			);
			name = Products;
			sourceTree = "<group>";
		};
		BFAB90D22CF21A6D005B4FB7 /* UniversidAPP */ = {
			isa = PBXGroup;
			children = (
				BFAB90D32CF21A6D005B4FB7 /* AppDelegate.swift */,
				BFAB90D52CF21A6D005B4FB7 /* SceneDelegate.swift */,
				BFAB91142CF3E6DF005B4FB7 /* Managers */,
				BFAB910A2CF29F87005B4FB7 /* Notificaciones */,
				BFAB91072CF29F6D005B4FB7 /* Perfil */,
				BFAB91042CF29F5C005B4FB7 /* Inicio  */,
				BFAB91012CF29E70005B4FB7 /* Home */,
				BFAB90FC2CF26497005B4FB7 /* Registro */,
				BFAB90F92CF25EFA005B4FB7 /* Models */,
				BFAB90F62CF25E33005B4FB7 /* CustomViews */,
				BFAB90E82CF25666005B4FB7 /* Utils */,
				BFAB90E72CF2563E005B4FB7 /* Splash */,
				BFAB90EF2CF25CC8005B4FB7 /* Login */,
				BFAB90D92CF21A6D005B4FB7 /* Main.storyboard */,
				BFAB90DC2CF21A6E005B4FB7 /* Assets.xcassets */,
				BFAB90DE2CF21A6E005B4FB7 /* LaunchScreen.storyboard */,
				BFAB90E12CF21A6E005B4FB7 /* Info.plist */,
			);
			path = UniversidAPP;
			sourceTree = "<group>";
		};
		BFAB90E72CF2563E005B4FB7 /* Splash */ = {
			isa = PBXGroup;
			children = (
				BFAB90EB2CF256A9005B4FB7 /* SplashViewController.swift */,
			);
			path = Splash;
			sourceTree = "<group>";
		};
		BFAB90E82CF25666005B4FB7 /* Utils */ = {
			isa = PBXGroup;
			children = (
				BFAB90E92CF25671005B4FB7 /* Utils.swift */,
				BFAB90F22CF25D20005B4FB7 /* TextField.swift */,
				BFAB90F42CF25DE5005B4FB7 /* ViewController.swift */,
				BFAB90ED2CF25C56005B4FB7 /* UIView + Extension.swift */,
				BFAB90FF2CF28635005B4FB7 /* UIButton + Extension.swift */,
			);
			path = Utils;
			sourceTree = "<group>";
		};
		BFAB90EF2CF25CC8005B4FB7 /* Login */ = {
			isa = PBXGroup;
			children = (
				BFAB90F02CF25D00005B4FB7 /* LoginViewController.swift */,
			);
			path = Login;
			sourceTree = "<group>";
		};
		BFAB90F62CF25E33005B4FB7 /* CustomViews */ = {
			isa = PBXGroup;
			children = (
				BFAB90F72CF25E45005B4FB7 /* AlertView.swift */,
			);
			path = CustomViews;
			sourceTree = "<group>";
		};
		BFAB90F92CF25EFA005B4FB7 /* Models */ = {
			isa = PBXGroup;
			children = (
				BFAB90FA2CF25F03005B4FB7 /* User.swift */,
				BFAB91122CF3D1FD005B4FB7 /* Post.swift */,
			);
			path = Models;
			sourceTree = "<group>";
		};
		BFAB90FC2CF26497005B4FB7 /* Registro */ = {
			isa = PBXGroup;
			children = (
				BFAB90FD2CF264A6005B4FB7 /* RegistroViewController.swift */,
			);
			path = Registro;
			sourceTree = "<group>";
		};
		BFAB91012CF29E70005B4FB7 /* Home */ = {
			isa = PBXGroup;
			children = (
				BFAB91022CF29E88005B4FB7 /* HomeTabBarController.swift */,
			);
			path = Home;
			sourceTree = "<group>";
		};
		BFAB91042CF29F5C005B4FB7 /* Inicio  */ = {
			isa = PBXGroup;
			children = (
				BFAB910D2CF3BB46005B4FB7 /* SubViews */,
				BFAB91052CF29F68005B4FB7 /* InicioViewController.swift */,
			);
			path = "Inicio ";
			sourceTree = "<group>";
		};
		BFAB91072CF29F6D005B4FB7 /* Perfil */ = {
			isa = PBXGroup;
			children = (
				BFAB91082CF29F79005B4FB7 /* PerfilViewController.swift */,
			);
			path = Perfil;
			sourceTree = "<group>";
		};
		BFAB910A2CF29F87005B4FB7 /* Notificaciones */ = {
			isa = PBXGroup;
			children = (
				BFAB910B2CF29F99005B4FB7 /* NotificacionesViewController.swift */,
			);
			path = Notificaciones;
			sourceTree = "<group>";
		};
		BFAB910D2CF3BB46005B4FB7 /* SubViews */ = {
			isa = PBXGroup;
			children = (
				BFAB910E2CF3C2E0005B4FB7 /* PostTableViewCell.swift */,
				BFAB91102CF3C7BA005B4FB7 /* ProfileInfoView.swift */,
			);
			path = SubViews;
			sourceTree = "<group>";
		};
		BFAB91142CF3E6DF005B4FB7 /* Managers */ = {
			isa = PBXGroup;
			children = (
				BFAB91152CF3E6F6005B4FB7 /* SesionManager.swift */,
			);
			path = Managers;
			sourceTree = "<group>";
		};
/* End PBXGroup section */

/* Begin PBXNativeTarget section */
		BFAB90CF2CF21A6D005B4FB7 /* UniversidAPP */ = {
			isa = PBXNativeTarget;
			buildConfigurationList = BFAB90E42CF21A6E005B4FB7 /* Build configuration list for PBXNativeTarget "UniversidAPP" */;
			buildPhases = (
				481A062A803F5E9C16D49C24 /* [CP] Check Pods Manifest.lock */,
				BFAB90CC2CF21A6D005B4FB7 /* Sources */,
				BFAB90CD2CF21A6D005B4FB7 /* Frameworks */,
				BFAB90CE2CF21A6D005B4FB7 /* Resources */,
				78B15F858CAF5DF620CCAD7C /* [CP] Embed Pods Frameworks */,
			);
			buildRules = (
			);
			dependencies = (
			);
			name = UniversidAPP;
			productName = UniversidAPP;
			productReference = BFAB90D02CF21A6D005B4FB7 /* UniversidAPP.app */;
			productType = "com.apple.product-type.application";
		};
/* End PBXNativeTarget section */

/* Begin PBXProject section */
		BFAB90C82CF21A6D005B4FB7 /* Project object */ = {
			isa = PBXProject;
			attributes = {
				BuildIndependentTargetsInParallel = 1;
				LastSwiftUpdateCheck = 1500;
				LastUpgradeCheck = 1500;
				TargetAttributes = {
					BFAB90CF2CF21A6D005B4FB7 = {
						CreatedOnToolsVersion = 15.0;
					};
				};
			};
			buildConfigurationList = BFAB90CB2CF21A6D005B4FB7 /* Build configuration list for PBXProject "UniversidAPP" */;
			compatibilityVersion = "Xcode 14.0";
			developmentRegion = en;
			hasScannedForEncodings = 0;
			knownRegions = (
				en,
				Base,
			);
			mainGroup = BFAB90C72CF21A6D005B4FB7;
			productRefGroup = BFAB90D12CF21A6D005B4FB7 /* Products */;
			projectDirPath = "";
			projectRoot = "";
			targets = (
				BFAB90CF2CF21A6D005B4FB7 /* UniversidAPP */,
			);
		};
/* End PBXProject section */

/* Begin PBXResourcesBuildPhase section */
		BFAB90CE2CF21A6D005B4FB7 /* Resources */ = {
			isa = PBXResourcesBuildPhase;
			buildActionMask = 2147483647;
			files = (
				BFAB90E02CF21A6E005B4FB7 /* LaunchScreen.storyboard in Resources */,
				BFAB90DD2CF21A6E005B4FB7 /* Assets.xcassets in Resources */,
				BFAB90DB2CF21A6D005B4FB7 /* Main.storyboard in Resources */,
			);
			runOnlyForDeploymentPostprocessing = 0;
		};
/* End PBXResourcesBuildPhase section */

/* Begin PBXShellScriptBuildPhase section */
		481A062A803F5E9C16D49C24 /* [CP] Check Pods Manifest.lock */ = {
			isa = PBXShellScriptBuildPhase;
			buildActionMask = 2147483647;
			files = (
			);
			inputFileListPaths = (
			);
			inputPaths = (
				"${PODS_PODFILE_DIR_PATH}/Podfile.lock",
				"${PODS_ROOT}/Manifest.lock",
			);
			name = "[CP] Check Pods Manifest.lock";
			outputFileListPaths = (
			);
			outputPaths = (
				"$(DERIVED_FILE_DIR)/Pods-UniversidAPP-checkManifestLockResult.txt",
			);
			runOnlyForDeploymentPostprocessing = 0;
			shellPath = /bin/sh;
			shellScript = "diff \"${PODS_PODFILE_DIR_PATH}/Podfile.lock\" \"${PODS_ROOT}/Manifest.lock\" > /dev/null\nif [ $? != 0 ] ; then\n    # print error to STDERR\n    echo \"error: The sandbox is not in sync with the Podfile.lock. Run 'pod install' or update your CocoaPods installation.\" >&2\n    exit 1\nfi\n# This output is used by Xcode 'outputs' to avoid re-running this script phase.\necho \"SUCCESS\" > \"${SCRIPT_OUTPUT_FILE_0}\"\n";
			showEnvVarsInLog = 0;
		};
		78B15F858CAF5DF620CCAD7C /* [CP] Embed Pods Frameworks */ = {
			isa = PBXShellScriptBuildPhase;
			buildActionMask = 2147483647;
			files = (
			);
			inputFileListPaths = (
				"${PODS_ROOT}/Target Support Files/Pods-UniversidAPP/Pods-UniversidAPP-frameworks-${CONFIGURATION}-input-files.xcfilelist",
			);
			name = "[CP] Embed Pods Frameworks";
			outputFileListPaths = (
				"${PODS_ROOT}/Target Support Files/Pods-UniversidAPP/Pods-UniversidAPP-frameworks-${CONFIGURATION}-output-files.xcfilelist",
			);
			runOnlyForDeploymentPostprocessing = 0;
			shellPath = /bin/sh;
			shellScript = "\"${PODS_ROOT}/Target Support Files/Pods-UniversidAPP/Pods-UniversidAPP-frameworks.sh\"\n";
			showEnvVarsInLog = 0;
		};
/* End PBXShellScriptBuildPhase section */

/* Begin PBXSourcesBuildPhase section */
		BFAB90CC2CF21A6D005B4FB7 /* Sources */ = {
			isa = PBXSourcesBuildPhase;
			buildActionMask = 2147483647;
			files = (
				BFAB91112CF3C7BA005B4FB7 /* ProfileInfoView.swift in Sources */,
				BFAB90F12CF25D00005B4FB7 /* LoginViewController.swift in Sources */,
				BFAB90D42CF21A6D005B4FB7 /* AppDelegate.swift in Sources */,
				BFAB910F2CF3C2E0005B4FB7 /* PostTableViewCell.swift in Sources */,
				BFAB910C2CF29F99005B4FB7 /* NotificacionesViewController.swift in Sources */,
				BFAB90F82CF25E45005B4FB7 /* AlertView.swift in Sources */,
				BFAB91162CF3E6F6005B4FB7 /* SesionManager.swift in Sources */,
				BFAB90D62CF21A6D005B4FB7 /* SceneDelegate.swift in Sources */,
				BFAB90F32CF25D20005B4FB7 /* TextField.swift in Sources */,
				BFAB90EA2CF25671005B4FB7 /* Utils.swift in Sources */,
				BFAB90EE2CF25C56005B4FB7 /* UIView + Extension.swift in Sources */,
				BFAB90F52CF25DE5005B4FB7 /* ViewController.swift in Sources */,
				BFAB90FB2CF25F03005B4FB7 /* User.swift in Sources */,
				BFAB91092CF29F79005B4FB7 /* PerfilViewController.swift in Sources */,
				BFAB91062CF29F68005B4FB7 /* InicioViewController.swift in Sources */,
				BFAB90EC2CF256A9005B4FB7 /* SplashViewController.swift in Sources */,
				BFAB90FE2CF264A6005B4FB7 /* RegistroViewController.swift in Sources */,
				BFAB91132CF3D1FD005B4FB7 /* Post.swift in Sources */,
				BFAB91032CF29E88005B4FB7 /* HomeTabBarController.swift in Sources */,
				BFAB91002CF28635005B4FB7 /* UIButton + Extension.swift in Sources */,
			);
			runOnlyForDeploymentPostprocessing = 0;
		};
/* End PBXSourcesBuildPhase section */

/* Begin PBXVariantGroup section */
		BFAB90D92CF21A6D005B4FB7 /* Main.storyboard */ = {
			isa = PBXVariantGroup;
			children = (
				BFAB90DA2CF21A6D005B4FB7 /* Base */,
			);
			name = Main.storyboard;
			sourceTree = "<group>";
		};
		BFAB90DE2CF21A6E005B4FB7 /* LaunchScreen.storyboard */ = {
			isa = PBXVariantGroup;
			children = (
				BFAB90DF2CF21A6E005B4FB7 /* Base */,
			);
			name = LaunchScreen.storyboard;
			sourceTree = "<group>";
		};
/* End PBXVariantGroup section */

/* Begin XCBuildConfiguration section */
		BFAB90E22CF21A6E005B4FB7 /* Debug */ = {
			isa = XCBuildConfiguration;
			buildSettings = {
				ALWAYS_SEARCH_USER_PATHS = NO;
				ASSETCATALOG_COMPILER_GENERATE_SWIFT_ASSET_SYMBOL_EXTENSIONS = YES;
				CLANG_ANALYZER_NONNULL = YES;
				CLANG_ANALYZER_NUMBER_OBJECT_CONVERSION = YES_AGGRESSIVE;
				CLANG_CXX_LANGUAGE_STANDARD = "gnu++20";
				CLANG_ENABLE_MODULES = YES;
				CLANG_ENABLE_OBJC_ARC = YES;
				CLANG_ENABLE_OBJC_WEAK = YES;
				CLANG_WARN_BLOCK_CAPTURE_AUTORELEASING = YES;
				CLANG_WARN_BOOL_CONVERSION = YES;
				CLANG_WARN_COMMA = YES;
				CLANG_WARN_CONSTANT_CONVERSION = YES;
				CLANG_WARN_DEPRECATED_OBJC_IMPLEMENTATIONS = YES;
				CLANG_WARN_DIRECT_OBJC_ISA_USAGE = YES_ERROR;
				CLANG_WARN_DOCUMENTATION_COMMENTS = YES;
				CLANG_WARN_EMPTY_BODY = YES;
				CLANG_WARN_ENUM_CONVERSION = YES;
				CLANG_WARN_INFINITE_RECURSION = YES;
				CLANG_WARN_INT_CONVERSION = YES;
				CLANG_WARN_NON_LITERAL_NULL_CONVERSION = YES;
				CLANG_WARN_OBJC_IMPLICIT_RETAIN_SELF = YES;
				CLANG_WARN_OBJC_LITERAL_CONVERSION = YES;
				CLANG_WARN_OBJC_ROOT_CLASS = YES_ERROR;
				CLANG_WARN_QUOTED_INCLUDE_IN_FRAMEWORK_HEADER = YES;
				CLANG_WARN_RANGE_LOOP_ANALYSIS = YES;
				CLANG_WARN_STRICT_PROTOTYPES = YES;
				CLANG_WARN_SUSPICIOUS_MOVE = YES;
				CLANG_WARN_UNGUARDED_AVAILABILITY = YES_AGGRESSIVE;
				CLANG_WARN_UNREACHABLE_CODE = YES;
				CLANG_WARN__DUPLICATE_METHOD_MATCH = YES;
				COPY_PHASE_STRIP = NO;
				DEBUG_INFORMATION_FORMAT = dwarf;
				ENABLE_STRICT_OBJC_MSGSEND = YES;
				ENABLE_TESTABILITY = YES;
				ENABLE_USER_SCRIPT_SANDBOXING = YES;
				GCC_C_LANGUAGE_STANDARD = gnu17;
				GCC_DYNAMIC_NO_PIC = NO;
				GCC_NO_COMMON_BLOCKS = YES;
				GCC_OPTIMIZATION_LEVEL = 0;
				GCC_PREPROCESSOR_DEFINITIONS = (
					"DEBUG=1",
					"$(inherited)",
				);
				GCC_WARN_64_TO_32_BIT_CONVERSION = YES;
				GCC_WARN_ABOUT_RETURN_TYPE = YES_ERROR;
				GCC_WARN_UNDECLARED_SELECTOR = YES;
				GCC_WARN_UNINITIALIZED_AUTOS = YES_AGGRESSIVE;
				GCC_WARN_UNUSED_FUNCTION = YES;
				GCC_WARN_UNUSED_VARIABLE = YES;
				IPHONEOS_DEPLOYMENT_TARGET = 17.0;
				LOCALIZATION_PREFERS_STRING_CATALOGS = YES;
				MTL_ENABLE_DEBUG_INFO = INCLUDE_SOURCE;
				MTL_FAST_MATH = YES;
				ONLY_ACTIVE_ARCH = YES;
				SDKROOT = iphoneos;
				SWIFT_ACTIVE_COMPILATION_CONDITIONS = "DEBUG $(inherited)";
				SWIFT_OPTIMIZATION_LEVEL = "-Onone";
			};
			name = Debug;
		};
		BFAB90E32CF21A6E005B4FB7 /* Release */ = {
			isa = XCBuildConfiguration;
			buildSettings = {
				ALWAYS_SEARCH_USER_PATHS = NO;
				ASSETCATALOG_COMPILER_GENERATE_SWIFT_ASSET_SYMBOL_EXTENSIONS = YES;
				CLANG_ANALYZER_NONNULL = YES;
				CLANG_ANALYZER_NUMBER_OBJECT_CONVERSION = YES_AGGRESSIVE;
				CLANG_CXX_LANGUAGE_STANDARD = "gnu++20";
				CLANG_ENABLE_MODULES = YES;
				CLANG_ENABLE_OBJC_ARC = YES;
				CLANG_ENABLE_OBJC_WEAK = YES;
				CLANG_WARN_BLOCK_CAPTURE_AUTORELEASING = YES;
				CLANG_WARN_BOOL_CONVERSION = YES;
				CLANG_WARN_COMMA = YES;
				CLANG_WARN_CONSTANT_CONVERSION = YES;
				CLANG_WARN_DEPRECATED_OBJC_IMPLEMENTATIONS = YES;
				CLANG_WARN_DIRECT_OBJC_ISA_USAGE = YES_ERROR;
				CLANG_WARN_DOCUMENTATION_COMMENTS = YES;
				CLANG_WARN_EMPTY_BODY = YES;
				CLANG_WARN_ENUM_CONVERSION = YES;
				CLANG_WARN_INFINITE_RECURSION = YES;
				CLANG_WARN_INT_CONVERSION = YES;
				CLANG_WARN_NON_LITERAL_NULL_CONVERSION = YES;
				CLANG_WARN_OBJC_IMPLICIT_RETAIN_SELF = YES;
				CLANG_WARN_OBJC_LITERAL_CONVERSION = YES;
				CLANG_WARN_OBJC_ROOT_CLASS = YES_ERROR;
				CLANG_WARN_QUOTED_INCLUDE_IN_FRAMEWORK_HEADER = YES;
				CLANG_WARN_RANGE_LOOP_ANALYSIS = YES;
				CLANG_WARN_STRICT_PROTOTYPES = YES;
				CLANG_WARN_SUSPICIOUS_MOVE = YES;
				CLANG_WARN_UNGUARDED_AVAILABILITY = YES_AGGRESSIVE;
				CLANG_WARN_UNREACHABLE_CODE = YES;
				CLANG_WARN__DUPLICATE_METHOD_MATCH = YES;
				COPY_PHASE_STRIP = NO;
				DEBUG_INFORMATION_FORMAT = "dwarf-with-dsym";
				ENABLE_NS_ASSERTIONS = NO;
				ENABLE_STRICT_OBJC_MSGSEND = YES;
				ENABLE_USER_SCRIPT_SANDBOXING = YES;
				GCC_C_LANGUAGE_STANDARD = gnu17;
				GCC_NO_COMMON_BLOCKS = YES;
				GCC_WARN_64_TO_32_BIT_CONVERSION = YES;
				GCC_WARN_ABOUT_RETURN_TYPE = YES_ERROR;
				GCC_WARN_UNDECLARED_SELECTOR = YES;
				GCC_WARN_UNINITIALIZED_AUTOS = YES_AGGRESSIVE;
				GCC_WARN_UNUSED_FUNCTION = YES;
				GCC_WARN_UNUSED_VARIABLE = YES;
				IPHONEOS_DEPLOYMENT_TARGET = 17.0;
				LOCALIZATION_PREFERS_STRING_CATALOGS = YES;
				MTL_ENABLE_DEBUG_INFO = NO;
				MTL_FAST_MATH = YES;
				SDKROOT = iphoneos;
				SWIFT_COMPILATION_MODE = wholemodule;
				VALIDATE_PRODUCT = YES;
			};
			name = Release;
		};
		BFAB90E52CF21A6E005B4FB7 /* Debug */ = {
			isa = XCBuildConfiguration;
			baseConfigurationReference = EA0050BFBC2357E2C1966702 /* Pods-UniversidAPP.debug.xcconfig */;
			buildSettings = {
				ASSETCATALOG_COMPILER_APPICON_NAME = AppIcon;
				ASSETCATALOG_COMPILER_GLOBAL_ACCENT_COLOR_NAME = AccentColor;
				CODE_SIGN_STYLE = Automatic;
				CURRENT_PROJECT_VERSION = 1;
				DEVELOPMENT_TEAM = 6899DY74P7;
				ENABLE_USER_SCRIPT_SANDBOXING = NO;
				GENERATE_INFOPLIST_FILE = YES;
				INFOPLIST_FILE = UniversidAPP/Info.plist;
				INFOPLIST_KEY_UIApplicationSupportsIndirectInputEvents = YES;
				INFOPLIST_KEY_UILaunchStoryboardName = LaunchScreen;
				INFOPLIST_KEY_UIMainStoryboardFile = Main;
				INFOPLIST_KEY_UISupportedInterfaceOrientations_iPad = "UIInterfaceOrientationPortrait UIInterfaceOrientationPortraitUpsideDown UIInterfaceOrientationLandscapeLeft UIInterfaceOrientationLandscapeRight";
				INFOPLIST_KEY_UISupportedInterfaceOrientations_iPhone = "UIInterfaceOrientationPortrait UIInterfaceOrientationLandscapeLeft UIInterfaceOrientationLandscapeRight";
				LD_RUNPATH_SEARCH_PATHS = (
					"$(inherited)",
					"@executable_path/Frameworks",
				);
				MARKETING_VERSION = 1.0;
				PRODUCT_BUNDLE_IDENTIFIER = angel.com.UniversidAPP;
				PRODUCT_NAME = "$(TARGET_NAME)";
				SWIFT_EMIT_LOC_STRINGS = YES;
				SWIFT_VERSION = 5.0;
				TARGETED_DEVICE_FAMILY = "1,2";
			};
			name = Debug;
		};
		BFAB90E62CF21A6E005B4FB7 /* Release */ = {
			isa = XCBuildConfiguration;
			baseConfigurationReference = 17F675DA542CA3F6826338CB /* Pods-UniversidAPP.release.xcconfig */;
			buildSettings = {
				ASSETCATALOG_COMPILER_APPICON_NAME = AppIcon;
				ASSETCATALOG_COMPILER_GLOBAL_ACCENT_COLOR_NAME = AccentColor;
				CODE_SIGN_STYLE = Automatic;
				CURRENT_PROJECT_VERSION = 1;
				DEVELOPMENT_TEAM = 6899DY74P7;
				ENABLE_USER_SCRIPT_SANDBOXING = NO;
				GENERATE_INFOPLIST_FILE = YES;
				INFOPLIST_FILE = UniversidAPP/Info.plist;
				INFOPLIST_KEY_UIApplicationSupportsIndirectInputEvents = YES;
				INFOPLIST_KEY_UILaunchStoryboardName = LaunchScreen;
				INFOPLIST_KEY_UIMainStoryboardFile = Main;
				INFOPLIST_KEY_UISupportedInterfaceOrientations_iPad = "UIInterfaceOrientationPortrait UIInterfaceOrientationPortraitUpsideDown UIInterfaceOrientationLandscapeLeft UIInterfaceOrientationLandscapeRight";
				INFOPLIST_KEY_UISupportedInterfaceOrientations_iPhone = "UIInterfaceOrientationPortrait UIInterfaceOrientationLandscapeLeft UIInterfaceOrientationLandscapeRight";
				LD_RUNPATH_SEARCH_PATHS = (
					"$(inherited)",
					"@executable_path/Frameworks",
				);
				MARKETING_VERSION = 1.0;
				PRODUCT_BUNDLE_IDENTIFIER = angel.com.UniversidAPP;
				PRODUCT_NAME = "$(TARGET_NAME)";
				SWIFT_EMIT_LOC_STRINGS = YES;
				SWIFT_VERSION = 5.0;
				TARGETED_DEVICE_FAMILY = "1,2";
			};
			name = Release;
		};
/* End XCBuildConfiguration section */

/* Begin XCConfigurationList section */
		BFAB90CB2CF21A6D005B4FB7 /* Build configuration list for PBXProject "UniversidAPP" */ = {
			isa = XCConfigurationList;
			buildConfigurations = (
				BFAB90E22CF21A6E005B4FB7 /* Debug */,
				BFAB90E32CF21A6E005B4FB7 /* Release */,
			);
			defaultConfigurationIsVisible = 0;
			defaultConfigurationName = Release;
		};
		BFAB90E42CF21A6E005B4FB7 /* Build configuration list for PBXNativeTarget "UniversidAPP" */ = {
			isa = XCConfigurationList;
			buildConfigurations = (
				BFAB90E52CF21A6E005B4FB7 /* Debug */,
				BFAB90E62CF21A6E005B4FB7 /* Release */,
			);
			defaultConfigurationIsVisible = 0;
			defaultConfigurationName = Release;
		};
/* End XCConfigurationList section */
	};
	rootObject = BFAB90C82CF21A6D005B4FB7 /* Project object */;
}
